
Microsoft Visual Studio Solution File, Format Version 12.00
# Visual Studio Version 16
VisualStudioVersion = 16.0.28803.202
MinimumVisualStudioVersion = 10.0.40219.1
Project("{FAE04EC0-301F-11D3-BF4B-00C04F79EFBC}") = "CollectionTesting.Library", "CollectionTesting.Library\CollectionTesting.Library.csproj", "{A3CB2925-7025-4C80-BBC1-32B40581BBB6}"
EndProject
Project("{FAE04EC0-301F-11D3-BF4B-00C04F79EFBC}") = "CollectionTesting.Tests", "CollectionTesting.Tests\CollectionTesting.Tests.csproj", "{D4149C13-CC4E-4475-A7EE-EF4947C45E29}"
EndProject
Global
	GlobalSection(SolutionConfigurationPlatforms) = preSolution
		Debug|Any CPU = Debug|Any CPU
		Release|Any CPU = Release|Any CPU
	EndGlobalSection
	GlobalSection(ProjectConfigurationPlatforms) = postSolution
		{A3CB2925-7025-4C80-BBC1-32B40581BBB6}.Debug|Any CPU.ActiveCfg = Debug|Any CPU
		{A3CB2925-7025-4C80-BBC1-32B40581BBB6}.Debug|Any CPU.Build.0 = Debug|Any CPU
		{A3CB2925-7025-4C80-BBC1-32B40581BBB6}.Release|Any CPU.ActiveCfg = Release|Any CPU
		{A3CB2925-7025-4C80-BBC1-32B40581BBB6}.Release|Any CPU.Build.0 = Release|Any CPU
		{D4149C13-CC4E-4475-A7EE-EF4947C45E29}.Debug|Any CPU.ActiveCfg = Debug|Any CPU
		{D4149C13-CC4E-4475-A7EE-EF4947C45E29}.Debug|Any CPU.Build.0 = Debug|Any CPU
		{D4149C13-CC4E-4475-A7EE-EF4947C45E29}.Release|Any CPU.ActiveCfg = Release|Any CPU
		{D4149C13-CC4E-4475-A7EE-EF4947C45E29}.Release|Any CPU.Build.0 = Release|Any CPU
	EndGlobalSection
	GlobalSection(SolutionProperties) = preSolution
		HideSolutionNode = FALSE
	EndGlobalSection
	GlobalSection(ExtensibilityGlobals) = postSolution
		SolutionGuid = {32E2AC87-D9FD-4EBF-9468-9294A890BD4B}
	EndGlobalSection
EndGlobal
