
Microsoft Visual Studio Solution File, Format Version 12.00
# Visual Studio Version 16
VisualStudioVersion = 16.0.28803.202
MinimumVisualStudioVersion = 10.0.40219.1
Project("{FAE04EC0-301F-11D3-BF4B-00C04F79EFBC}") = "Shapes.UI", "Shapes.UI\Shapes.UI.csproj", "{972928F0-683F-4C5D-8ADA-E3FF3B17B8E9}"
EndProject
Project("{FAE04EC0-301F-11D3-BF4B-00C04F79EFBC}") = "Shapes.Library", "Shapes.Library\Shapes.Library.csproj", "{1B67929C-042B-46BD-9041-756D79338647}"
EndProject
Global
	GlobalSection(SolutionConfigurationPlatforms) = preSolution
		Debug|Any CPU = Debug|Any CPU
		Release|Any CPU = Release|Any CPU
	EndGlobalSection
	GlobalSection(ProjectConfigurationPlatforms) = postSolution
		{972928F0-683F-4C5D-8ADA-E3FF3B17B8E9}.Debug|Any CPU.ActiveCfg = Debug|Any CPU
		{972928F0-683F-4C5D-8ADA-E3FF3B17B8E9}.Debug|Any CPU.Build.0 = Debug|Any CPU
		{972928F0-683F-4C5D-8ADA-E3FF3B17B8E9}.Release|Any CPU.ActiveCfg = Release|Any CPU
		{972928F0-683F-4C5D-8ADA-E3FF3B17B8E9}.Release|Any CPU.Build.0 = Release|Any CPU
		{1B67929C-042B-46BD-9041-756D79338647}.Debug|Any CPU.ActiveCfg = Debug|Any CPU
		{1B67929C-042B-46BD-9041-756D79338647}.Debug|Any CPU.Build.0 = Debug|Any CPU
		{1B67929C-042B-46BD-9041-756D79338647}.Release|Any CPU.ActiveCfg = Release|Any CPU
		{1B67929C-042B-46BD-9041-756D79338647}.Release|Any CPU.Build.0 = Release|Any CPU
	EndGlobalSection
	GlobalSection(SolutionProperties) = preSolution
		HideSolutionNode = FALSE
	EndGlobalSection
	GlobalSection(ExtensibilityGlobals) = postSolution
		SolutionGuid = {00D599D5-2435-40C2-A0ED-3A73B23BB561}
	EndGlobalSection
EndGlobal
