
Microsoft Visual Studio Solution File, Format Version 12.00
# Visual Studio Version 16
VisualStudioVersion = 16.0.28803.202
MinimumVisualStudioVersion = 10.0.40219.1
Project("{FAE04EC0-301F-11D3-BF4B-00C04F79EFBC}") = "Calculator.UI", "Calculator.UI\Calculator.UI.csproj", "{BAE08B3A-9E15-4159-BB9D-084B5007F784}"
EndProject
Global
	GlobalSection(SolutionConfigurationPlatforms) = preSolution
		Debug|Any CPU = Debug|Any CPU
		Release|Any CPU = Release|Any CPU
	EndGlobalSection
	GlobalSection(ProjectConfigurationPlatforms) = postSolution
		{BAE08B3A-9E15-4159-BB9D-084B5007F784}.Debug|Any CPU.ActiveCfg = Debug|Any CPU
		{BAE08B3A-9E15-4159-BB9D-084B5007F784}.Debug|Any CPU.Build.0 = Debug|Any CPU
		{BAE08B3A-9E15-4159-BB9D-084B5007F784}.Release|Any CPU.ActiveCfg = Release|Any CPU
		{BAE08B3A-9E15-4159-BB9D-084B5007F784}.Release|Any CPU.Build.0 = Release|Any CPU
	EndGlobalSection
	GlobalSection(SolutionProperties) = preSolution
		HideSolutionNode = FALSE
	EndGlobalSection
	GlobalSection(ExtensibilityGlobals) = postSolution
		SolutionGuid = {91C0B512-F375-4357-BF21-72A482F68A19}
	EndGlobalSection
EndGlobal
