
Microsoft Visual Studio Solution File, Format Version 12.00
# Visual Studio Version 16
VisualStudioVersion = 16.0.28803.202
MinimumVisualStudioVersion = 10.0.40219.1
Project("{FAE04EC0-301F-11D3-BF4B-00C04F79EFBC}") = "Delegates", "Delegates\Delegates.csproj", "{DC94B51D-20CF-4A16-842E-BCE8C8D9DECA}"
EndProject
Global
	GlobalSection(SolutionConfigurationPlatforms) = preSolution
		Debug|Any CPU = Debug|Any CPU
		Release|Any CPU = Release|Any CPU
	EndGlobalSection
	GlobalSection(ProjectConfigurationPlatforms) = postSolution
		{DC94B51D-20CF-4A16-842E-BCE8C8D9DECA}.Debug|Any CPU.ActiveCfg = Debug|Any CPU
		{DC94B51D-20CF-4A16-842E-BCE8C8D9DECA}.Debug|Any CPU.Build.0 = Debug|Any CPU
		{DC94B51D-20CF-4A16-842E-BCE8C8D9DECA}.Release|Any CPU.ActiveCfg = Release|Any CPU
		{DC94B51D-20CF-4A16-842E-BCE8C8D9DECA}.Release|Any CPU.Build.0 = Release|Any CPU
	EndGlobalSection
	GlobalSection(SolutionProperties) = preSolution
		HideSolutionNode = FALSE
	EndGlobalSection
	GlobalSection(ExtensibilityGlobals) = postSolution
		SolutionGuid = {58900A2D-34A7-4551-A8AD-BB550D9BDBA3}
	EndGlobalSection
EndGlobal
