
Microsoft Visual Studio Solution File, Format Version 12.00
# Visual Studio Version 16
VisualStudioVersion = 16.0.28803.202
MinimumVisualStudioVersion = 10.0.40219.1
Project("{FAE04EC0-301F-11D3-BF4B-00C04F79EFBC}") = "ExceptionPractice", "ExceptionPractice\ExceptionPractice.csproj", "{94F98C56-A5EF-41A1-9152-77495329CDE3}"
EndProject
Project("{FAE04EC0-301F-11D3-BF4B-00C04F79EFBC}") = "ExceptionTesting", "ExceptionTesting\ExceptionTesting.csproj", "{8BC34F58-DB7B-4534-8C8E-BDB8CCD77598}"
EndProject
Global
	GlobalSection(SolutionConfigurationPlatforms) = preSolution
		Debug|Any CPU = Debug|Any CPU
		Release|Any CPU = Release|Any CPU
	EndGlobalSection
	GlobalSection(ProjectConfigurationPlatforms) = postSolution
		{94F98C56-A5EF-41A1-9152-77495329CDE3}.Debug|Any CPU.ActiveCfg = Debug|Any CPU
		{94F98C56-A5EF-41A1-9152-77495329CDE3}.Debug|Any CPU.Build.0 = Debug|Any CPU
		{94F98C56-A5EF-41A1-9152-77495329CDE3}.Release|Any CPU.ActiveCfg = Release|Any CPU
		{94F98C56-A5EF-41A1-9152-77495329CDE3}.Release|Any CPU.Build.0 = Release|Any CPU
		{8BC34F58-DB7B-4534-8C8E-BDB8CCD77598}.Debug|Any CPU.ActiveCfg = Debug|Any CPU
		{8BC34F58-DB7B-4534-8C8E-BDB8CCD77598}.Debug|Any CPU.Build.0 = Debug|Any CPU
		{8BC34F58-DB7B-4534-8C8E-BDB8CCD77598}.Release|Any CPU.ActiveCfg = Release|Any CPU
		{8BC34F58-DB7B-4534-8C8E-BDB8CCD77598}.Release|Any CPU.Build.0 = Release|Any CPU
	EndGlobalSection
	GlobalSection(SolutionProperties) = preSolution
		HideSolutionNode = FALSE
	EndGlobalSection
	GlobalSection(ExtensibilityGlobals) = postSolution
		SolutionGuid = {F80F05AD-9D23-4342-984D-5FAE585CA9D8}
	EndGlobalSection
EndGlobal
